
Microsoft Visual Studio Solution File, Format Version 12.00
# Visual Studio 14
VisualStudioVersion = 14.0.24720.0
MinimumVisualStudioVersion = 10.0.40219.1
Project("{FAE04EC0-301F-11D3-BF4B-00C04F79EFBC}") = "D_application", "D_application\D_application.csproj", "{72379C47-033B-4788-821B-01A96DEF4300}"
EndProject
Project("{8BC9CEB8-8B4A-11D0-8D11-00A0C91BC942}") = "C_runtime_component", "C_runtime_component\C_runtime_component.vcxproj", "{658164A6-02D9-4115-B604-B686C5F64C3B}"
EndProject
Project("{8BC9CEB8-8B4A-11D0-8D11-00A0C91BC942}") = "B_dynamic_library", "B_dynamic_library\B_dynamic_library.vcxproj", "{8AB4AA52-6EAA-4E2C-829F-E857188194E8}"
EndProject
Project("{8BC9CEB8-8B4A-11D0-8D11-00A0C91BC942}") = "A_static_library", "A_static_library\A_static_library.vcxproj", "{B02BC908-0D2C-4D07-B2BB-90F76EEE7DC5}"
EndProject
Global
	GlobalSection(SolutionConfigurationPlatforms) = preSolution
		Debug|ARM = Debug|ARM
		Debug|x64 = Debug|x64
		Debug|x86 = Debug|x86
		Release|ARM = Release|ARM
		Release|x64 = Release|x64
		Release|x86 = Release|x86
	EndGlobalSection
	GlobalSection(ProjectConfigurationPlatforms) = postSolution
		{72379C47-033B-4788-821B-01A96DEF4300}.Debug|ARM.ActiveCfg = Debug|ARM
		{72379C47-033B-4788-821B-01A96DEF4300}.Debug|ARM.Build.0 = Debug|ARM
		{72379C47-033B-4788-821B-01A96DEF4300}.Debug|ARM.Deploy.0 = Debug|ARM
		{72379C47-033B-4788-821B-01A96DEF4300}.Debug|x64.ActiveCfg = Debug|x64
		{72379C47-033B-4788-821B-01A96DEF4300}.Debug|x64.Build.0 = Debug|x64
		{72379C47-033B-4788-821B-01A96DEF4300}.Debug|x64.Deploy.0 = Debug|x64
		{72379C47-033B-4788-821B-01A96DEF4300}.Debug|x86.ActiveCfg = Debug|x86
		{72379C47-033B-4788-821B-01A96DEF4300}.Debug|x86.Build.0 = Debug|x86
		{72379C47-033B-4788-821B-01A96DEF4300}.Debug|x86.Deploy.0 = Debug|x86
		{72379C47-033B-4788-821B-01A96DEF4300}.Release|ARM.ActiveCfg = Release|ARM
		{72379C47-033B-4788-821B-01A96DEF4300}.Release|ARM.Build.0 = Release|ARM
		{72379C47-033B-4788-821B-01A96DEF4300}.Release|ARM.Deploy.0 = Release|ARM
		{72379C47-033B-4788-821B-01A96DEF4300}.Release|x64.ActiveCfg = Release|x64
		{72379C47-033B-4788-821B-01A96DEF4300}.Release|x64.Build.0 = Release|x64
		{72379C47-033B-4788-821B-01A96DEF4300}.Release|x64.Deploy.0 = Release|x64
		{72379C47-033B-4788-821B-01A96DEF4300}.Release|x86.ActiveCfg = Release|x86
		{72379C47-033B-4788-821B-01A96DEF4300}.Release|x86.Build.0 = Release|x86
		{72379C47-033B-4788-821B-01A96DEF4300}.Release|x86.Deploy.0 = Release|x86
		{658164A6-02D9-4115-B604-B686C5F64C3B}.Debug|ARM.ActiveCfg = Debug|ARM
		{658164A6-02D9-4115-B604-B686C5F64C3B}.Debug|ARM.Build.0 = Debug|ARM
		{658164A6-02D9-4115-B604-B686C5F64C3B}.Debug|x64.ActiveCfg = Debug|x64
		{658164A6-02D9-4115-B604-B686C5F64C3B}.Debug|x64.Build.0 = Debug|x64
		{658164A6-02D9-4115-B604-B686C5F64C3B}.Debug|x86.ActiveCfg = Debug|Win32
		{658164A6-02D9-4115-B604-B686C5F64C3B}.Debug|x86.Build.0 = Debug|Win32
		{658164A6-02D9-4115-B604-B686C5F64C3B}.Release|ARM.ActiveCfg = Release|ARM
		{658164A6-02D9-4115-B604-B686C5F64C3B}.Release|ARM.Build.0 = Release|ARM
		{658164A6-02D9-4115-B604-B686C5F64C3B}.Release|x64.ActiveCfg = Release|x64
		{658164A6-02D9-4115-B604-B686C5F64C3B}.Release|x64.Build.0 = Release|x64
		{658164A6-02D9-4115-B604-B686C5F64C3B}.Release|x86.ActiveCfg = Release|Win32
		{658164A6-02D9-4115-B604-B686C5F64C3B}.Release|x86.Build.0 = Release|Win32
		{8AB4AA52-6EAA-4E2C-829F-E857188194E8}.Debug|ARM.ActiveCfg = Debug|ARM
		{8AB4AA52-6EAA-4E2C-829F-E857188194E8}.Debug|ARM.Build.0 = Debug|ARM
		{8AB4AA52-6EAA-4E2C-829F-E857188194E8}.Debug|x64.ActiveCfg = Debug|x64
		{8AB4AA52-6EAA-4E2C-829F-E857188194E8}.Debug|x64.Build.0 = Debug|x64
		{8AB4AA52-6EAA-4E2C-829F-E857188194E8}.Debug|x86.ActiveCfg = Debug|Win32
		{8AB4AA52-6EAA-4E2C-829F-E857188194E8}.Debug|x86.Build.0 = Debug|Win32
		{8AB4AA52-6EAA-4E2C-829F-E857188194E8}.Release|ARM.ActiveCfg = Release|ARM
		{8AB4AA52-6EAA-4E2C-829F-E857188194E8}.Release|ARM.Build.0 = Release|ARM
		{8AB4AA52-6EAA-4E2C-829F-E857188194E8}.Release|x64.ActiveCfg = Release|x64
		{8AB4AA52-6EAA-4E2C-829F-E857188194E8}.Release|x64.Build.0 = Release|x64
		{8AB4AA52-6EAA-4E2C-829F-E857188194E8}.Release|x86.ActiveCfg = Release|Win32
		{8AB4AA52-6EAA-4E2C-829F-E857188194E8}.Release|x86.Build.0 = Release|Win32
		{B02BC908-0D2C-4D07-B2BB-90F76EEE7DC5}.Debug|ARM.ActiveCfg = Debug|ARM
		{B02BC908-0D2C-4D07-B2BB-90F76EEE7DC5}.Debug|ARM.Build.0 = Debug|ARM
		{B02BC908-0D2C-4D07-B2BB-90F76EEE7DC5}.Debug|x64.ActiveCfg = Debug|x64
		{B02BC908-0D2C-4D07-B2BB-90F76EEE7DC5}.Debug|x64.Build.0 = Debug|x64
		{B02BC908-0D2C-4D07-B2BB-90F76EEE7DC5}.Debug|x86.ActiveCfg = Debug|Win32
		{B02BC908-0D2C-4D07-B2BB-90F76EEE7DC5}.Debug|x86.Build.0 = Debug|Win32
		{B02BC908-0D2C-4D07-B2BB-90F76EEE7DC5}.Release|ARM.ActiveCfg = Release|ARM
		{B02BC908-0D2C-4D07-B2BB-90F76EEE7DC5}.Release|ARM.Build.0 = Release|ARM
		{B02BC908-0D2C-4D07-B2BB-90F76EEE7DC5}.Release|x64.ActiveCfg = Release|x64
		{B02BC908-0D2C-4D07-B2BB-90F76EEE7DC5}.Release|x64.Build.0 = Release|x64
		{B02BC908-0D2C-4D07-B2BB-90F76EEE7DC5}.Release|x86.ActiveCfg = Release|Win32
		{B02BC908-0D2C-4D07-B2BB-90F76EEE7DC5}.Release|x86.Build.0 = Release|Win32
	EndGlobalSection
	GlobalSection(SolutionProperties) = preSolution
		HideSolutionNode = FALSE
	EndGlobalSection
EndGlobal
